
Microsoft Visual Studio Solution File, Format Version 12.00
# Visual Studio Version 17
VisualStudioVersion = 17.10.35013.160
MinimumVisualStudioVersion = 10.0.40219.1
Project("{FAE04EC0-301F-11D3-BF4B-00C04F79EFBC}") = "ecom", "ecom.csproj", "{B978FAE1-5DEF-4EE7-8825-0A3FA4E35839}"
EndProject
Global
	GlobalSection(SolutionConfigurationPlatforms) = preSolution
		Debug|Any CPU = Debug|Any CPU
		Release|Any CPU = Release|Any CPU
	EndGlobalSection
	GlobalSection(ProjectConfigurationPlatforms) = postSolution
		{B978FAE1-5DEF-4EE7-8825-0A3FA4E35839}.Debug|Any CPU.ActiveCfg = Debug|Any CPU
		{B978FAE1-5DEF-4EE7-8825-0A3FA4E35839}.Debug|Any CPU.Build.0 = Debug|Any CPU
		{B978FAE1-5DEF-4EE7-8825-0A3FA4E35839}.Release|Any CPU.ActiveCfg = Release|Any CPU
		{B978FAE1-5DEF-4EE7-8825-0A3FA4E35839}.Release|Any CPU.Build.0 = Release|Any CPU
	EndGlobalSection
	GlobalSection(SolutionProperties) = preSolution
		HideSolutionNode = FALSE
	EndGlobalSection
	GlobalSection(ExtensibilityGlobals) = postSolution
		SolutionGuid = {7F95AD1E-EA68-4748-894D-1D2E7B2FE9B5}
	EndGlobalSection
EndGlobal
